
Microsoft Visual Studio Solution File, Format Version 12.00
# Visual Studio 15
VisualStudioVersion = 15.0.27130.2010
MinimumVisualStudioVersion = 10.0.40219.1
Project("{D954291E-2A0B-460D-934E-DC6B0785DB48}") = "Shared", "Shared\Shared.shproj", "{15250F04-455F-4A45-AFA3-431E1F79443D}"
EndProject
Project("{FAE04EC0-301F-11D3-BF4B-00C04F79EFBC}") = "Android", "Android\Android.csproj", "{E10C8594-DA18-4B3F-81B9-217726D584CB}"
EndProject
Project("{FAE04EC0-301F-11D3-BF4B-00C04F79EFBC}") = "Desktop", "Desktop\Desktop.csproj", "{7F70976C-4401-4CD8-8AF1-982C7704BFB5}"
EndProject
Project("{FAE04EC0-301F-11D3-BF4B-00C04F79EFBC}") = "IOS", "IOS\IOS.csproj", "{A424C799-A202-4F15-A769-0C17420B6D95}"
EndProject
Project("{D954291E-2A0B-460D-934E-DC6B0785DB48}") = "Content", "Content\Content.shproj", "{7FE96EEA-4650-4EDF-841F-9FC67D7ECFEC}"
EndProject
Project("{FAE04EC0-301F-11D3-BF4B-00C04F79EFBC}") = "Model", "Model\Model.csproj", "{B1AB2B16-668D-440C-924C-AB895C65A02D}"
EndProject
Global
	GlobalSection(SharedMSBuildProjectFiles) = preSolution
		Shared\Shared.projitems*{15250f04-455f-4a45-afa3-431e1f79443d}*SharedItemsImports = 13
		Content\Content.projitems*{7f70976c-4401-4cd8-8af1-982c7704bfb5}*SharedItemsImports = 4
		Shared\Shared.projitems*{7f70976c-4401-4cd8-8af1-982c7704bfb5}*SharedItemsImports = 4
		Content\Content.projitems*{7fe96eea-4650-4edf-841f-9fc67d7ecfec}*SharedItemsImports = 13
	EndGlobalSection
	GlobalSection(SolutionConfigurationPlatforms) = preSolution
		Ad-Hoc|Any CPU = Ad-Hoc|Any CPU
		Ad-Hoc|ARM = Ad-Hoc|ARM
		Ad-Hoc|iPhone = Ad-Hoc|iPhone
		Ad-Hoc|iPhoneSimulator = Ad-Hoc|iPhoneSimulator
		Ad-Hoc|x64 = Ad-Hoc|x64
		Ad-Hoc|x86 = Ad-Hoc|x86
		AppStore|Any CPU = AppStore|Any CPU
		AppStore|ARM = AppStore|ARM
		AppStore|iPhone = AppStore|iPhone
		AppStore|iPhoneSimulator = AppStore|iPhoneSimulator
		AppStore|x64 = AppStore|x64
		AppStore|x86 = AppStore|x86
		Debug|Any CPU = Debug|Any CPU
		Debug|ARM = Debug|ARM
		Debug|iPhone = Debug|iPhone
		Debug|iPhoneSimulator = Debug|iPhoneSimulator
		Debug|x64 = Debug|x64
		Debug|x86 = Debug|x86
		Release|Any CPU = Release|Any CPU
		Release|ARM = Release|ARM
		Release|iPhone = Release|iPhone
		Release|iPhoneSimulator = Release|iPhoneSimulator
		Release|x64 = Release|x64
		Release|x86 = Release|x86
	EndGlobalSection
	GlobalSection(ProjectConfigurationPlatforms) = postSolution
		{E10C8594-DA18-4B3F-81B9-217726D584CB}.Ad-Hoc|Any CPU.ActiveCfg = Release|Any CPU
		{E10C8594-DA18-4B3F-81B9-217726D584CB}.Ad-Hoc|Any CPU.Build.0 = Release|Any CPU
		{E10C8594-DA18-4B3F-81B9-217726D584CB}.Ad-Hoc|Any CPU.Deploy.0 = Release|Any CPU
		{E10C8594-DA18-4B3F-81B9-217726D584CB}.Ad-Hoc|ARM.ActiveCfg = Release|Any CPU
		{E10C8594-DA18-4B3F-81B9-217726D584CB}.Ad-Hoc|ARM.Build.0 = Release|Any CPU
		{E10C8594-DA18-4B3F-81B9-217726D584CB}.Ad-Hoc|ARM.Deploy.0 = Release|Any CPU
		{E10C8594-DA18-4B3F-81B9-217726D584CB}.Ad-Hoc|iPhone.ActiveCfg = Release|Any CPU
		{E10C8594-DA18-4B3F-81B9-217726D584CB}.Ad-Hoc|iPhone.Build.0 = Release|Any CPU
		{E10C8594-DA18-4B3F-81B9-217726D584CB}.Ad-Hoc|iPhone.Deploy.0 = Release|Any CPU
		{E10C8594-DA18-4B3F-81B9-217726D584CB}.Ad-Hoc|iPhoneSimulator.ActiveCfg = Release|Any CPU
		{E10C8594-DA18-4B3F-81B9-217726D584CB}.Ad-Hoc|iPhoneSimulator.Build.0 = Release|Any CPU
		{E10C8594-DA18-4B3F-81B9-217726D584CB}.Ad-Hoc|iPhoneSimulator.Deploy.0 = Release|Any CPU
		{E10C8594-DA18-4B3F-81B9-217726D584CB}.Ad-Hoc|x64.ActiveCfg = Release|Any CPU
		{E10C8594-DA18-4B3F-81B9-217726D584CB}.Ad-Hoc|x64.Build.0 = Release|Any CPU
		{E10C8594-DA18-4B3F-81B9-217726D584CB}.Ad-Hoc|x64.Deploy.0 = Release|Any CPU
		{E10C8594-DA18-4B3F-81B9-217726D584CB}.Ad-Hoc|x86.ActiveCfg = Release|Any CPU
		{E10C8594-DA18-4B3F-81B9-217726D584CB}.Ad-Hoc|x86.Build.0 = Release|Any CPU
		{E10C8594-DA18-4B3F-81B9-217726D584CB}.Ad-Hoc|x86.Deploy.0 = Release|Any CPU
		{E10C8594-DA18-4B3F-81B9-217726D584CB}.AppStore|Any CPU.ActiveCfg = Release|Any CPU
		{E10C8594-DA18-4B3F-81B9-217726D584CB}.AppStore|Any CPU.Build.0 = Release|Any CPU
		{E10C8594-DA18-4B3F-81B9-217726D584CB}.AppStore|Any CPU.Deploy.0 = Release|Any CPU
		{E10C8594-DA18-4B3F-81B9-217726D584CB}.AppStore|ARM.ActiveCfg = Release|Any CPU
		{E10C8594-DA18-4B3F-81B9-217726D584CB}.AppStore|ARM.Build.0 = Release|Any CPU
		{E10C8594-DA18-4B3F-81B9-217726D584CB}.AppStore|ARM.Deploy.0 = Release|Any CPU
		{E10C8594-DA18-4B3F-81B9-217726D584CB}.AppStore|iPhone.ActiveCfg = Release|Any CPU
		{E10C8594-DA18-4B3F-81B9-217726D584CB}.AppStore|iPhone.Build.0 = Release|Any CPU
		{E10C8594-DA18-4B3F-81B9-217726D584CB}.AppStore|iPhone.Deploy.0 = Release|Any CPU
		{E10C8594-DA18-4B3F-81B9-217726D584CB}.AppStore|iPhoneSimulator.ActiveCfg = Release|Any CPU
		{E10C8594-DA18-4B3F-81B9-217726D584CB}.AppStore|iPhoneSimulator.Build.0 = Release|Any CPU
		{E10C8594-DA18-4B3F-81B9-217726D584CB}.AppStore|iPhoneSimulator.Deploy.0 = Release|Any CPU
		{E10C8594-DA18-4B3F-81B9-217726D584CB}.AppStore|x64.ActiveCfg = Release|Any CPU
		{E10C8594-DA18-4B3F-81B9-217726D584CB}.AppStore|x64.Build.0 = Release|Any CPU
		{E10C8594-DA18-4B3F-81B9-217726D584CB}.AppStore|x64.Deploy.0 = Release|Any CPU
		{E10C8594-DA18-4B3F-81B9-217726D584CB}.AppStore|x86.ActiveCfg = Release|Any CPU
		{E10C8594-DA18-4B3F-81B9-217726D584CB}.AppStore|x86.Build.0 = Release|Any CPU
		{E10C8594-DA18-4B3F-81B9-217726D584CB}.AppStore|x86.Deploy.0 = Release|Any CPU
		{E10C8594-DA18-4B3F-81B9-217726D584CB}.Debug|Any CPU.ActiveCfg = Debug|Any CPU
		{E10C8594-DA18-4B3F-81B9-217726D584CB}.Debug|Any CPU.Build.0 = Debug|Any CPU
		{E10C8594-DA18-4B3F-81B9-217726D584CB}.Debug|Any CPU.Deploy.0 = Debug|Any CPU
		{E10C8594-DA18-4B3F-81B9-217726D584CB}.Debug|ARM.ActiveCfg = Debug|Any CPU
		{E10C8594-DA18-4B3F-81B9-217726D584CB}.Debug|ARM.Build.0 = Debug|Any CPU
		{E10C8594-DA18-4B3F-81B9-217726D584CB}.Debug|ARM.Deploy.0 = Debug|Any CPU
		{E10C8594-DA18-4B3F-81B9-217726D584CB}.Debug|iPhone.ActiveCfg = Debug|Any CPU
		{E10C8594-DA18-4B3F-81B9-217726D584CB}.Debug|iPhone.Build.0 = Debug|Any CPU
		{E10C8594-DA18-4B3F-81B9-217726D584CB}.Debug|iPhone.Deploy.0 = Debug|Any CPU
		{E10C8594-DA18-4B3F-81B9-217726D584CB}.Debug|iPhoneSimulator.ActiveCfg = Debug|Any CPU
		{E10C8594-DA18-4B3F-81B9-217726D584CB}.Debug|iPhoneSimulator.Build.0 = Debug|Any CPU
		{E10C8594-DA18-4B3F-81B9-217726D584CB}.Debug|iPhoneSimulator.Deploy.0 = Debug|Any CPU
		{E10C8594-DA18-4B3F-81B9-217726D584CB}.Debug|x64.ActiveCfg = Debug|Any CPU
		{E10C8594-DA18-4B3F-81B9-217726D584CB}.Debug|x64.Build.0 = Debug|Any CPU
		{E10C8594-DA18-4B3F-81B9-217726D584CB}.Debug|x64.Deploy.0 = Debug|Any CPU
		{E10C8594-DA18-4B3F-81B9-217726D584CB}.Debug|x86.ActiveCfg = Debug|Any CPU
		{E10C8594-DA18-4B3F-81B9-217726D584CB}.Debug|x86.Build.0 = Debug|Any CPU
		{E10C8594-DA18-4B3F-81B9-217726D584CB}.Debug|x86.Deploy.0 = Debug|Any CPU
		{E10C8594-DA18-4B3F-81B9-217726D584CB}.Release|Any CPU.ActiveCfg = Release|Any CPU
		{E10C8594-DA18-4B3F-81B9-217726D584CB}.Release|Any CPU.Build.0 = Release|Any CPU
		{E10C8594-DA18-4B3F-81B9-217726D584CB}.Release|Any CPU.Deploy.0 = Release|Any CPU
		{E10C8594-DA18-4B3F-81B9-217726D584CB}.Release|ARM.ActiveCfg = Release|Any CPU
		{E10C8594-DA18-4B3F-81B9-217726D584CB}.Release|ARM.Build.0 = Release|Any CPU
		{E10C8594-DA18-4B3F-81B9-217726D584CB}.Release|ARM.Deploy.0 = Release|Any CPU
		{E10C8594-DA18-4B3F-81B9-217726D584CB}.Release|iPhone.ActiveCfg = Release|Any CPU
		{E10C8594-DA18-4B3F-81B9-217726D584CB}.Release|iPhone.Build.0 = Release|Any CPU
		{E10C8594-DA18-4B3F-81B9-217726D584CB}.Release|iPhone.Deploy.0 = Release|Any CPU
		{E10C8594-DA18-4B3F-81B9-217726D584CB}.Release|iPhoneSimulator.ActiveCfg = Release|Any CPU
		{E10C8594-DA18-4B3F-81B9-217726D584CB}.Release|iPhoneSimulator.Build.0 = Release|Any CPU
		{E10C8594-DA18-4B3F-81B9-217726D584CB}.Release|iPhoneSimulator.Deploy.0 = Release|Any CPU
		{E10C8594-DA18-4B3F-81B9-217726D584CB}.Release|x64.ActiveCfg = Release|Any CPU
		{E10C8594-DA18-4B3F-81B9-217726D584CB}.Release|x64.Build.0 = Release|Any CPU
		{E10C8594-DA18-4B3F-81B9-217726D584CB}.Release|x64.Deploy.0 = Release|Any CPU
		{E10C8594-DA18-4B3F-81B9-217726D584CB}.Release|x86.ActiveCfg = Release|Any CPU
		{E10C8594-DA18-4B3F-81B9-217726D584CB}.Release|x86.Build.0 = Release|Any CPU
		{E10C8594-DA18-4B3F-81B9-217726D584CB}.Release|x86.Deploy.0 = Release|Any CPU
		{7F70976C-4401-4CD8-8AF1-982C7704BFB5}.Ad-Hoc|Any CPU.ActiveCfg = Release|Any CPU
		{7F70976C-4401-4CD8-8AF1-982C7704BFB5}.Ad-Hoc|Any CPU.Build.0 = Release|Any CPU
		{7F70976C-4401-4CD8-8AF1-982C7704BFB5}.Ad-Hoc|ARM.ActiveCfg = Release|Any CPU
		{7F70976C-4401-4CD8-8AF1-982C7704BFB5}.Ad-Hoc|ARM.Build.0 = Release|Any CPU
		{7F70976C-4401-4CD8-8AF1-982C7704BFB5}.Ad-Hoc|iPhone.ActiveCfg = Release|Any CPU
		{7F70976C-4401-4CD8-8AF1-982C7704BFB5}.Ad-Hoc|iPhone.Build.0 = Release|Any CPU
		{7F70976C-4401-4CD8-8AF1-982C7704BFB5}.Ad-Hoc|iPhoneSimulator.ActiveCfg = Release|Any CPU
		{7F70976C-4401-4CD8-8AF1-982C7704BFB5}.Ad-Hoc|iPhoneSimulator.Build.0 = Release|Any CPU
		{7F70976C-4401-4CD8-8AF1-982C7704BFB5}.Ad-Hoc|x64.ActiveCfg = Release|Any CPU
		{7F70976C-4401-4CD8-8AF1-982C7704BFB5}.Ad-Hoc|x64.Build.0 = Release|Any CPU
		{7F70976C-4401-4CD8-8AF1-982C7704BFB5}.Ad-Hoc|x86.ActiveCfg = Release|Any CPU
		{7F70976C-4401-4CD8-8AF1-982C7704BFB5}.Ad-Hoc|x86.Build.0 = Release|Any CPU
		{7F70976C-4401-4CD8-8AF1-982C7704BFB5}.AppStore|Any CPU.ActiveCfg = Release|Any CPU
		{7F70976C-4401-4CD8-8AF1-982C7704BFB5}.AppStore|Any CPU.Build.0 = Release|Any CPU
		{7F70976C-4401-4CD8-8AF1-982C7704BFB5}.AppStore|ARM.ActiveCfg = Release|Any CPU
		{7F70976C-4401-4CD8-8AF1-982C7704BFB5}.AppStore|ARM.Build.0 = Release|Any CPU
		{7F70976C-4401-4CD8-8AF1-982C7704BFB5}.AppStore|iPhone.ActiveCfg = Release|Any CPU
		{7F70976C-4401-4CD8-8AF1-982C7704BFB5}.AppStore|iPhone.Build.0 = Release|Any CPU
		{7F70976C-4401-4CD8-8AF1-982C7704BFB5}.AppStore|iPhoneSimulator.ActiveCfg = Release|Any CPU
		{7F70976C-4401-4CD8-8AF1-982C7704BFB5}.AppStore|iPhoneSimulator.Build.0 = Release|Any CPU
		{7F70976C-4401-4CD8-8AF1-982C7704BFB5}.AppStore|x64.ActiveCfg = Release|Any CPU
		{7F70976C-4401-4CD8-8AF1-982C7704BFB5}.AppStore|x64.Build.0 = Release|Any CPU
		{7F70976C-4401-4CD8-8AF1-982C7704BFB5}.AppStore|x86.ActiveCfg = Release|Any CPU
		{7F70976C-4401-4CD8-8AF1-982C7704BFB5}.AppStore|x86.Build.0 = Release|Any CPU
		{7F70976C-4401-4CD8-8AF1-982C7704BFB5}.Debug|Any CPU.ActiveCfg = Debug|Any CPU
		{7F70976C-4401-4CD8-8AF1-982C7704BFB5}.Debug|Any CPU.Build.0 = Debug|Any CPU
		{7F70976C-4401-4CD8-8AF1-982C7704BFB5}.Debug|ARM.ActiveCfg = Debug|Any CPU
		{7F70976C-4401-4CD8-8AF1-982C7704BFB5}.Debug|ARM.Build.0 = Debug|Any CPU
		{7F70976C-4401-4CD8-8AF1-982C7704BFB5}.Debug|iPhone.ActiveCfg = Debug|Any CPU
		{7F70976C-4401-4CD8-8AF1-982C7704BFB5}.Debug|iPhone.Build.0 = Debug|Any CPU
		{7F70976C-4401-4CD8-8AF1-982C7704BFB5}.Debug|iPhoneSimulator.ActiveCfg = Debug|Any CPU
		{7F70976C-4401-4CD8-8AF1-982C7704BFB5}.Debug|iPhoneSimulator.Build.0 = Debug|Any CPU
		{7F70976C-4401-4CD8-8AF1-982C7704BFB5}.Debug|x64.ActiveCfg = Debug|Any CPU
		{7F70976C-4401-4CD8-8AF1-982C7704BFB5}.Debug|x64.Build.0 = Debug|Any CPU
		{7F70976C-4401-4CD8-8AF1-982C7704BFB5}.Debug|x86.ActiveCfg = Debug|Any CPU
		{7F70976C-4401-4CD8-8AF1-982C7704BFB5}.Debug|x86.Build.0 = Debug|Any CPU
		{7F70976C-4401-4CD8-8AF1-982C7704BFB5}.Release|Any CPU.ActiveCfg = Release|Any CPU
		{7F70976C-4401-4CD8-8AF1-982C7704BFB5}.Release|Any CPU.Build.0 = Release|Any CPU
		{7F70976C-4401-4CD8-8AF1-982C7704BFB5}.Release|ARM.ActiveCfg = Release|Any CPU
		{7F70976C-4401-4CD8-8AF1-982C7704BFB5}.Release|ARM.Build.0 = Release|Any CPU
		{7F70976C-4401-4CD8-8AF1-982C7704BFB5}.Release|iPhone.ActiveCfg = Release|Any CPU
		{7F70976C-4401-4CD8-8AF1-982C7704BFB5}.Release|iPhone.Build.0 = Release|Any CPU
		{7F70976C-4401-4CD8-8AF1-982C7704BFB5}.Release|iPhoneSimulator.ActiveCfg = Release|Any CPU
		{7F70976C-4401-4CD8-8AF1-982C7704BFB5}.Release|iPhoneSimulator.Build.0 = Release|Any CPU
		{7F70976C-4401-4CD8-8AF1-982C7704BFB5}.Release|x64.ActiveCfg = Release|Any CPU
		{7F70976C-4401-4CD8-8AF1-982C7704BFB5}.Release|x64.Build.0 = Release|Any CPU
		{7F70976C-4401-4CD8-8AF1-982C7704BFB5}.Release|x86.ActiveCfg = Release|Any CPU
		{7F70976C-4401-4CD8-8AF1-982C7704BFB5}.Release|x86.Build.0 = Release|Any CPU
		{A424C799-A202-4F15-A769-0C17420B6D95}.Ad-Hoc|Any CPU.ActiveCfg = Ad-Hoc|iPhone
		{A424C799-A202-4F15-A769-0C17420B6D95}.Ad-Hoc|ARM.ActiveCfg = Ad-Hoc|iPhone
		{A424C799-A202-4F15-A769-0C17420B6D95}.Ad-Hoc|iPhone.ActiveCfg = Ad-Hoc|iPhone
		{A424C799-A202-4F15-A769-0C17420B6D95}.Ad-Hoc|iPhone.Build.0 = Ad-Hoc|iPhone
		{A424C799-A202-4F15-A769-0C17420B6D95}.Ad-Hoc|iPhoneSimulator.ActiveCfg = Ad-Hoc|iPhoneSimulator
		{A424C799-A202-4F15-A769-0C17420B6D95}.Ad-Hoc|iPhoneSimulator.Build.0 = Ad-Hoc|iPhoneSimulator
		{A424C799-A202-4F15-A769-0C17420B6D95}.Ad-Hoc|x64.ActiveCfg = Ad-Hoc|iPhone
		{A424C799-A202-4F15-A769-0C17420B6D95}.Ad-Hoc|x86.ActiveCfg = Ad-Hoc|iPhone
		{A424C799-A202-4F15-A769-0C17420B6D95}.AppStore|Any CPU.ActiveCfg = AppStore|iPhone
		{A424C799-A202-4F15-A769-0C17420B6D95}.AppStore|ARM.ActiveCfg = AppStore|iPhone
		{A424C799-A202-4F15-A769-0C17420B6D95}.AppStore|iPhone.ActiveCfg = AppStore|iPhone
		{A424C799-A202-4F15-A769-0C17420B6D95}.AppStore|iPhone.Build.0 = AppStore|iPhone
		{A424C799-A202-4F15-A769-0C17420B6D95}.AppStore|iPhoneSimulator.ActiveCfg = AppStore|iPhoneSimulator
		{A424C799-A202-4F15-A769-0C17420B6D95}.AppStore|iPhoneSimulator.Build.0 = AppStore|iPhoneSimulator
		{A424C799-A202-4F15-A769-0C17420B6D95}.AppStore|x64.ActiveCfg = AppStore|iPhone
		{A424C799-A202-4F15-A769-0C17420B6D95}.AppStore|x86.ActiveCfg = AppStore|iPhone
		{A424C799-A202-4F15-A769-0C17420B6D95}.Debug|Any CPU.ActiveCfg = Debug|iPhone
		{A424C799-A202-4F15-A769-0C17420B6D95}.Debug|ARM.ActiveCfg = Debug|iPhone
		{A424C799-A202-4F15-A769-0C17420B6D95}.Debug|iPhone.ActiveCfg = Debug|iPhone
		{A424C799-A202-4F15-A769-0C17420B6D95}.Debug|iPhone.Build.0 = Debug|iPhone
		{A424C799-A202-4F15-A769-0C17420B6D95}.Debug|iPhoneSimulator.ActiveCfg = Debug|iPhoneSimulator
		{A424C799-A202-4F15-A769-0C17420B6D95}.Debug|iPhoneSimulator.Build.0 = Debug|iPhoneSimulator
		{A424C799-A202-4F15-A769-0C17420B6D95}.Debug|x64.ActiveCfg = Debug|iPhone
		{A424C799-A202-4F15-A769-0C17420B6D95}.Debug|x86.ActiveCfg = Debug|iPhone
		{A424C799-A202-4F15-A769-0C17420B6D95}.Release|Any CPU.ActiveCfg = Release|iPhone
		{A424C799-A202-4F15-A769-0C17420B6D95}.Release|ARM.ActiveCfg = Release|iPhone
		{A424C799-A202-4F15-A769-0C17420B6D95}.Release|iPhone.ActiveCfg = Release|iPhone
		{A424C799-A202-4F15-A769-0C17420B6D95}.Release|iPhone.Build.0 = Release|iPhone
		{A424C799-A202-4F15-A769-0C17420B6D95}.Release|iPhoneSimulator.ActiveCfg = Release|iPhoneSimulator
		{A424C799-A202-4F15-A769-0C17420B6D95}.Release|iPhoneSimulator.Build.0 = Release|iPhoneSimulator
		{A424C799-A202-4F15-A769-0C17420B6D95}.Release|x64.ActiveCfg = Release|iPhone
		{A424C799-A202-4F15-A769-0C17420B6D95}.Release|x86.ActiveCfg = Release|iPhone
		{B1AB2B16-668D-440C-924C-AB895C65A02D}.Ad-Hoc|Any CPU.ActiveCfg = Release|Any CPU
		{B1AB2B16-668D-440C-924C-AB895C65A02D}.Ad-Hoc|Any CPU.Build.0 = Release|Any CPU
		{B1AB2B16-668D-440C-924C-AB895C65A02D}.Ad-Hoc|ARM.ActiveCfg = Release|Any CPU
		{B1AB2B16-668D-440C-924C-AB895C65A02D}.Ad-Hoc|ARM.Build.0 = Release|Any CPU
		{B1AB2B16-668D-440C-924C-AB895C65A02D}.Ad-Hoc|iPhone.ActiveCfg = Release|Any CPU
		{B1AB2B16-668D-440C-924C-AB895C65A02D}.Ad-Hoc|iPhone.Build.0 = Release|Any CPU
		{B1AB2B16-668D-440C-924C-AB895C65A02D}.Ad-Hoc|iPhoneSimulator.ActiveCfg = Release|Any CPU
		{B1AB2B16-668D-440C-924C-AB895C65A02D}.Ad-Hoc|iPhoneSimulator.Build.0 = Release|Any CPU
		{B1AB2B16-668D-440C-924C-AB895C65A02D}.Ad-Hoc|x64.ActiveCfg = Release|Any CPU
		{B1AB2B16-668D-440C-924C-AB895C65A02D}.Ad-Hoc|x64.Build.0 = Release|Any CPU
		{B1AB2B16-668D-440C-924C-AB895C65A02D}.Ad-Hoc|x86.ActiveCfg = Release|Any CPU
		{B1AB2B16-668D-440C-924C-AB895C65A02D}.Ad-Hoc|x86.Build.0 = Release|Any CPU
		{B1AB2B16-668D-440C-924C-AB895C65A02D}.AppStore|Any CPU.ActiveCfg = Release|Any CPU
		{B1AB2B16-668D-440C-924C-AB895C65A02D}.AppStore|Any CPU.Build.0 = Release|Any CPU
		{B1AB2B16-668D-440C-924C-AB895C65A02D}.AppStore|ARM.ActiveCfg = Release|Any CPU
		{B1AB2B16-668D-440C-924C-AB895C65A02D}.AppStore|ARM.Build.0 = Release|Any CPU
		{B1AB2B16-668D-440C-924C-AB895C65A02D}.AppStore|iPhone.ActiveCfg = Release|Any CPU
		{B1AB2B16-668D-440C-924C-AB895C65A02D}.AppStore|iPhone.Build.0 = Release|Any CPU
		{B1AB2B16-668D-440C-924C-AB895C65A02D}.AppStore|iPhoneSimulator.ActiveCfg = Release|Any CPU
		{B1AB2B16-668D-440C-924C-AB895C65A02D}.AppStore|iPhoneSimulator.Build.0 = Release|Any CPU
		{B1AB2B16-668D-440C-924C-AB895C65A02D}.AppStore|x64.ActiveCfg = Release|Any CPU
		{B1AB2B16-668D-440C-924C-AB895C65A02D}.AppStore|x64.Build.0 = Release|Any CPU
		{B1AB2B16-668D-440C-924C-AB895C65A02D}.AppStore|x86.ActiveCfg = Release|Any CPU
		{B1AB2B16-668D-440C-924C-AB895C65A02D}.AppStore|x86.Build.0 = Release|Any CPU
		{B1AB2B16-668D-440C-924C-AB895C65A02D}.Debug|Any CPU.ActiveCfg = Debug|Any CPU
		{B1AB2B16-668D-440C-924C-AB895C65A02D}.Debug|Any CPU.Build.0 = Debug|Any CPU
		{B1AB2B16-668D-440C-924C-AB895C65A02D}.Debug|ARM.ActiveCfg = Debug|Any CPU
		{B1AB2B16-668D-440C-924C-AB895C65A02D}.Debug|ARM.Build.0 = Debug|Any CPU
		{B1AB2B16-668D-440C-924C-AB895C65A02D}.Debug|iPhone.ActiveCfg = Debug|Any CPU
		{B1AB2B16-668D-440C-924C-AB895C65A02D}.Debug|iPhone.Build.0 = Debug|Any CPU
		{B1AB2B16-668D-440C-924C-AB895C65A02D}.Debug|iPhoneSimulator.ActiveCfg = Debug|Any CPU
		{B1AB2B16-668D-440C-924C-AB895C65A02D}.Debug|iPhoneSimulator.Build.0 = Debug|Any CPU
		{B1AB2B16-668D-440C-924C-AB895C65A02D}.Debug|x64.ActiveCfg = Debug|Any CPU
		{B1AB2B16-668D-440C-924C-AB895C65A02D}.Debug|x64.Build.0 = Debug|Any CPU
		{B1AB2B16-668D-440C-924C-AB895C65A02D}.Debug|x86.ActiveCfg = Debug|Any CPU
		{B1AB2B16-668D-440C-924C-AB895C65A02D}.Debug|x86.Build.0 = Debug|Any CPU
		{B1AB2B16-668D-440C-924C-AB895C65A02D}.Release|Any CPU.ActiveCfg = Release|Any CPU
		{B1AB2B16-668D-440C-924C-AB895C65A02D}.Release|Any CPU.Build.0 = Release|Any CPU
		{B1AB2B16-668D-440C-924C-AB895C65A02D}.Release|ARM.ActiveCfg = Release|Any CPU
		{B1AB2B16-668D-440C-924C-AB895C65A02D}.Release|ARM.Build.0 = Release|Any CPU
		{B1AB2B16-668D-440C-924C-AB895C65A02D}.Release|iPhone.ActiveCfg = Release|Any CPU
		{B1AB2B16-668D-440C-924C-AB895C65A02D}.Release|iPhone.Build.0 = Release|Any CPU
		{B1AB2B16-668D-440C-924C-AB895C65A02D}.Release|iPhoneSimulator.ActiveCfg = Release|Any CPU
		{B1AB2B16-668D-440C-924C-AB895C65A02D}.Release|iPhoneSimulator.Build.0 = Release|Any CPU
		{B1AB2B16-668D-440C-924C-AB895C65A02D}.Release|x64.ActiveCfg = Release|Any CPU
		{B1AB2B16-668D-440C-924C-AB895C65A02D}.Release|x64.Build.0 = Release|Any CPU
		{B1AB2B16-668D-440C-924C-AB895C65A02D}.Release|x86.ActiveCfg = Release|Any CPU
		{B1AB2B16-668D-440C-924C-AB895C65A02D}.Release|x86.Build.0 = Release|Any CPU
	EndGlobalSection
	GlobalSection(SolutionProperties) = preSolution
		HideSolutionNode = FALSE
	EndGlobalSection
	GlobalSection(ExtensibilityGlobals) = postSolution
		SolutionGuid = {F715A422-8E97-485F-A868-BBF8F591FFF0}
	EndGlobalSection
EndGlobal
